
Microsoft Visual Studio Solution File, Format Version 12.00
# Blend for Visual Studio Version 17
VisualStudioVersion = 17.1.32210.238
MinimumVisualStudioVersion = 10.0.40219.1
Project("{8BC9CEB8-8B4A-11D0-8D11-00A0C91BC942}") = "MSIABSharedMEMTest", "MSIABSharedMEM2OSC\MSIABSharedMEM2OSC.vcxproj", "{607F2B2E-BF59-44B6-902A-5FF0002BBB86}"
EndProject
Project("{8BC9CEB8-8B4A-11D0-8D11-00A0C91BC942}") = "MSIABSharedMemLib", "MSIABSharedMemLib\MSIABSharedMemLib\MSIABSharedMemLib.vcxproj", "{92A22C16-22C9-4A09-9683-DA4273EE3B8E}"
EndProject
Project("{FAE04EC0-301F-11D3-BF4B-00C04F79EFBC}") = "MSIAB2OSCAPP", "MSIAB2OSCAPP\MSIAB2OSCAPP.csproj", "{0836D551-70B1-43CD-B1CE-B214D89A12EE}"
EndProject
Project("{FAE04EC0-301F-11D3-BF4B-00C04F79EFBC}") = "VRCOSCGUI", "VRCOSCGUI\VRCOSCGUI.csproj", "{731258BE-C0D4-4EC8-9A9E-49E0FBDB36D4}"
EndProject
Project("{FAE04EC0-301F-11D3-BF4B-00C04F79EFBC}") = "OSCOperator", "OSCOperator\OSCOperator.csproj", "{22B4EE0A-A308-4345-92C8-01176B1E22BF}"
EndProject
Project("{FAE04EC0-301F-11D3-BF4B-00C04F79EFBC}") = "TestPlugin", "TestPlugin\TestPlugin.csproj", "{2DCC663F-BE15-4222-B2C7-B66B37090E05}"
EndProject
Project("{FAE04EC0-301F-11D3-BF4B-00C04F79EFBC}") = "IOSCPlugin", "IOSCPlugin\IOSCPlugin.csproj", "{FAF85800-7E62-4A19-B9CB-530068B79967}"
EndProject
Project("{FAE04EC0-301F-11D3-BF4B-00C04F79EFBC}") = "SystemInfoCollector", "SystemInfoCollector\SystemInfoCollector.csproj", "{25C1411C-BC96-42AC-8ACA-8C73604DDA98}"
EndProject
Project("{FAE04EC0-301F-11D3-BF4B-00C04F79EFBC}") = "WPF_VRCOSCGUI", "WPF_VRCOSCGUI\WPF_VRCOSCGUI.csproj", "{5BC4E2E5-E472-4E81-8050-2A505FFC4492}"
EndProject
Project("{FAE04EC0-301F-11D3-BF4B-00C04F79EFBC}") = "WPF_OSCOperator", "WPF_OSCOperator\WPF_OSCOperator.csproj", "{02D9237C-1EEC-4A01-90A6-191F7F7A97B4}"
EndProject
Global
	GlobalSection(SolutionConfigurationPlatforms) = preSolution
		Debug|Any CPU = Debug|Any CPU
		Debug|x64 = Debug|x64
		Debug|x86 = Debug|x86
		Release|Any CPU = Release|Any CPU
		Release|x64 = Release|x64
		Release|x86 = Release|x86
	EndGlobalSection
	GlobalSection(ProjectConfigurationPlatforms) = postSolution
		{607F2B2E-BF59-44B6-902A-5FF0002BBB86}.Debug|Any CPU.ActiveCfg = Debug|Win32
		{607F2B2E-BF59-44B6-902A-5FF0002BBB86}.Debug|Any CPU.Build.0 = Debug|Win32
		{607F2B2E-BF59-44B6-902A-5FF0002BBB86}.Debug|x64.ActiveCfg = Debug|x64
		{607F2B2E-BF59-44B6-902A-5FF0002BBB86}.Debug|x64.Build.0 = Debug|x64
		{607F2B2E-BF59-44B6-902A-5FF0002BBB86}.Debug|x86.ActiveCfg = Debug|Win32
		{607F2B2E-BF59-44B6-902A-5FF0002BBB86}.Debug|x86.Build.0 = Debug|Win32
		{607F2B2E-BF59-44B6-902A-5FF0002BBB86}.Release|Any CPU.ActiveCfg = Release|x64
		{607F2B2E-BF59-44B6-902A-5FF0002BBB86}.Release|Any CPU.Build.0 = Release|x64
		{607F2B2E-BF59-44B6-902A-5FF0002BBB86}.Release|x64.ActiveCfg = Release|x64
		{607F2B2E-BF59-44B6-902A-5FF0002BBB86}.Release|x64.Build.0 = Release|x64
		{607F2B2E-BF59-44B6-902A-5FF0002BBB86}.Release|x86.ActiveCfg = Release|Win32
		{607F2B2E-BF59-44B6-902A-5FF0002BBB86}.Release|x86.Build.0 = Release|Win32
		{92A22C16-22C9-4A09-9683-DA4273EE3B8E}.Debug|Any CPU.ActiveCfg = Debug|Win32
		{92A22C16-22C9-4A09-9683-DA4273EE3B8E}.Debug|Any CPU.Build.0 = Debug|Win32
		{92A22C16-22C9-4A09-9683-DA4273EE3B8E}.Debug|x64.ActiveCfg = Debug|x64
		{92A22C16-22C9-4A09-9683-DA4273EE3B8E}.Debug|x64.Build.0 = Debug|x64
		{92A22C16-22C9-4A09-9683-DA4273EE3B8E}.Debug|x86.ActiveCfg = Debug|Win32
		{92A22C16-22C9-4A09-9683-DA4273EE3B8E}.Debug|x86.Build.0 = Debug|Win32
		{92A22C16-22C9-4A09-9683-DA4273EE3B8E}.Release|Any CPU.ActiveCfg = Release|x64
		{92A22C16-22C9-4A09-9683-DA4273EE3B8E}.Release|Any CPU.Build.0 = Release|x64
		{92A22C16-22C9-4A09-9683-DA4273EE3B8E}.Release|x64.ActiveCfg = Release|x64
		{92A22C16-22C9-4A09-9683-DA4273EE3B8E}.Release|x64.Build.0 = Release|x64
		{92A22C16-22C9-4A09-9683-DA4273EE3B8E}.Release|x86.ActiveCfg = Release|Win32
		{92A22C16-22C9-4A09-9683-DA4273EE3B8E}.Release|x86.Build.0 = Release|Win32
		{0836D551-70B1-43CD-B1CE-B214D89A12EE}.Debug|Any CPU.ActiveCfg = Debug|Any CPU
		{0836D551-70B1-43CD-B1CE-B214D89A12EE}.Debug|Any CPU.Build.0 = Debug|Any CPU
		{0836D551-70B1-43CD-B1CE-B214D89A12EE}.Debug|x64.ActiveCfg = Debug|Any CPU
		{0836D551-70B1-43CD-B1CE-B214D89A12EE}.Debug|x64.Build.0 = Debug|Any CPU
		{0836D551-70B1-43CD-B1CE-B214D89A12EE}.Debug|x86.ActiveCfg = Debug|Any CPU
		{0836D551-70B1-43CD-B1CE-B214D89A12EE}.Debug|x86.Build.0 = Debug|Any CPU
		{0836D551-70B1-43CD-B1CE-B214D89A12EE}.Release|Any CPU.ActiveCfg = Release|Any CPU
		{0836D551-70B1-43CD-B1CE-B214D89A12EE}.Release|Any CPU.Build.0 = Release|Any CPU
		{0836D551-70B1-43CD-B1CE-B214D89A12EE}.Release|x64.ActiveCfg = Release|Any CPU
		{0836D551-70B1-43CD-B1CE-B214D89A12EE}.Release|x64.Build.0 = Release|Any CPU
		{0836D551-70B1-43CD-B1CE-B214D89A12EE}.Release|x86.ActiveCfg = Release|Any CPU
		{0836D551-70B1-43CD-B1CE-B214D89A12EE}.Release|x86.Build.0 = Release|Any CPU
		{731258BE-C0D4-4EC8-9A9E-49E0FBDB36D4}.Debug|Any CPU.ActiveCfg = Debug|Any CPU
		{731258BE-C0D4-4EC8-9A9E-49E0FBDB36D4}.Debug|Any CPU.Build.0 = Debug|Any CPU
		{731258BE-C0D4-4EC8-9A9E-49E0FBDB36D4}.Debug|x64.ActiveCfg = Debug|Any CPU
		{731258BE-C0D4-4EC8-9A9E-49E0FBDB36D4}.Debug|x64.Build.0 = Debug|Any CPU
		{731258BE-C0D4-4EC8-9A9E-49E0FBDB36D4}.Debug|x86.ActiveCfg = Debug|Any CPU
		{731258BE-C0D4-4EC8-9A9E-49E0FBDB36D4}.Debug|x86.Build.0 = Debug|Any CPU
		{731258BE-C0D4-4EC8-9A9E-49E0FBDB36D4}.Release|Any CPU.ActiveCfg = Release|Any CPU
		{731258BE-C0D4-4EC8-9A9E-49E0FBDB36D4}.Release|Any CPU.Build.0 = Release|Any CPU
		{731258BE-C0D4-4EC8-9A9E-49E0FBDB36D4}.Release|x64.ActiveCfg = Release|Any CPU
		{731258BE-C0D4-4EC8-9A9E-49E0FBDB36D4}.Release|x64.Build.0 = Release|Any CPU
		{731258BE-C0D4-4EC8-9A9E-49E0FBDB36D4}.Release|x86.ActiveCfg = Release|Any CPU
		{731258BE-C0D4-4EC8-9A9E-49E0FBDB36D4}.Release|x86.Build.0 = Release|Any CPU
		{22B4EE0A-A308-4345-92C8-01176B1E22BF}.Debug|Any CPU.ActiveCfg = Debug|Any CPU
		{22B4EE0A-A308-4345-92C8-01176B1E22BF}.Debug|Any CPU.Build.0 = Debug|Any CPU
		{22B4EE0A-A308-4345-92C8-01176B1E22BF}.Debug|x64.ActiveCfg = Debug|Any CPU
		{22B4EE0A-A308-4345-92C8-01176B1E22BF}.Debug|x64.Build.0 = Debug|Any CPU
		{22B4EE0A-A308-4345-92C8-01176B1E22BF}.Debug|x86.ActiveCfg = Debug|Any CPU
		{22B4EE0A-A308-4345-92C8-01176B1E22BF}.Debug|x86.Build.0 = Debug|Any CPU
		{22B4EE0A-A308-4345-92C8-01176B1E22BF}.Release|Any CPU.ActiveCfg = Release|Any CPU
		{22B4EE0A-A308-4345-92C8-01176B1E22BF}.Release|Any CPU.Build.0 = Release|Any CPU
		{22B4EE0A-A308-4345-92C8-01176B1E22BF}.Release|x64.ActiveCfg = Release|Any CPU
		{22B4EE0A-A308-4345-92C8-01176B1E22BF}.Release|x64.Build.0 = Release|Any CPU
		{22B4EE0A-A308-4345-92C8-01176B1E22BF}.Release|x86.ActiveCfg = Release|Any CPU
		{22B4EE0A-A308-4345-92C8-01176B1E22BF}.Release|x86.Build.0 = Release|Any CPU
		{2DCC663F-BE15-4222-B2C7-B66B37090E05}.Debug|Any CPU.ActiveCfg = Debug|Any CPU
		{2DCC663F-BE15-4222-B2C7-B66B37090E05}.Debug|Any CPU.Build.0 = Debug|Any CPU
		{2DCC663F-BE15-4222-B2C7-B66B37090E05}.Debug|x64.ActiveCfg = Debug|Any CPU
		{2DCC663F-BE15-4222-B2C7-B66B37090E05}.Debug|x64.Build.0 = Debug|Any CPU
		{2DCC663F-BE15-4222-B2C7-B66B37090E05}.Debug|x86.ActiveCfg = Debug|Any CPU
		{2DCC663F-BE15-4222-B2C7-B66B37090E05}.Debug|x86.Build.0 = Debug|Any CPU
		{2DCC663F-BE15-4222-B2C7-B66B37090E05}.Release|Any CPU.ActiveCfg = Release|Any CPU
		{2DCC663F-BE15-4222-B2C7-B66B37090E05}.Release|Any CPU.Build.0 = Release|Any CPU
		{2DCC663F-BE15-4222-B2C7-B66B37090E05}.Release|x64.ActiveCfg = Release|Any CPU
		{2DCC663F-BE15-4222-B2C7-B66B37090E05}.Release|x64.Build.0 = Release|Any CPU
		{2DCC663F-BE15-4222-B2C7-B66B37090E05}.Release|x86.ActiveCfg = Release|Any CPU
		{2DCC663F-BE15-4222-B2C7-B66B37090E05}.Release|x86.Build.0 = Release|Any CPU
		{FAF85800-7E62-4A19-B9CB-530068B79967}.Debug|Any CPU.ActiveCfg = Debug|Any CPU
		{FAF85800-7E62-4A19-B9CB-530068B79967}.Debug|Any CPU.Build.0 = Debug|Any CPU
		{FAF85800-7E62-4A19-B9CB-530068B79967}.Debug|x64.ActiveCfg = Debug|Any CPU
		{FAF85800-7E62-4A19-B9CB-530068B79967}.Debug|x64.Build.0 = Debug|Any CPU
		{FAF85800-7E62-4A19-B9CB-530068B79967}.Debug|x86.ActiveCfg = Debug|Any CPU
		{FAF85800-7E62-4A19-B9CB-530068B79967}.Debug|x86.Build.0 = Debug|Any CPU
		{FAF85800-7E62-4A19-B9CB-530068B79967}.Release|Any CPU.ActiveCfg = Release|Any CPU
		{FAF85800-7E62-4A19-B9CB-530068B79967}.Release|Any CPU.Build.0 = Release|Any CPU
		{FAF85800-7E62-4A19-B9CB-530068B79967}.Release|x64.ActiveCfg = Release|Any CPU
		{FAF85800-7E62-4A19-B9CB-530068B79967}.Release|x64.Build.0 = Release|Any CPU
		{FAF85800-7E62-4A19-B9CB-530068B79967}.Release|x86.ActiveCfg = Release|Any CPU
		{FAF85800-7E62-4A19-B9CB-530068B79967}.Release|x86.Build.0 = Release|Any CPU
		{25C1411C-BC96-42AC-8ACA-8C73604DDA98}.Debug|Any CPU.ActiveCfg = Debug|Any CPU
		{25C1411C-BC96-42AC-8ACA-8C73604DDA98}.Debug|Any CPU.Build.0 = Debug|Any CPU
		{25C1411C-BC96-42AC-8ACA-8C73604DDA98}.Debug|x64.ActiveCfg = Debug|Any CPU
		{25C1411C-BC96-42AC-8ACA-8C73604DDA98}.Debug|x64.Build.0 = Debug|Any CPU
		{25C1411C-BC96-42AC-8ACA-8C73604DDA98}.Debug|x86.ActiveCfg = Debug|Any CPU
		{25C1411C-BC96-42AC-8ACA-8C73604DDA98}.Debug|x86.Build.0 = Debug|Any CPU
		{25C1411C-BC96-42AC-8ACA-8C73604DDA98}.Release|Any CPU.ActiveCfg = Release|Any CPU
		{25C1411C-BC96-42AC-8ACA-8C73604DDA98}.Release|Any CPU.Build.0 = Release|Any CPU
		{25C1411C-BC96-42AC-8ACA-8C73604DDA98}.Release|x64.ActiveCfg = Release|Any CPU
		{25C1411C-BC96-42AC-8ACA-8C73604DDA98}.Release|x64.Build.0 = Release|Any CPU
		{25C1411C-BC96-42AC-8ACA-8C73604DDA98}.Release|x86.ActiveCfg = Release|Any CPU
		{25C1411C-BC96-42AC-8ACA-8C73604DDA98}.Release|x86.Build.0 = Release|Any CPU
		{5BC4E2E5-E472-4E81-8050-2A505FFC4492}.Debug|Any CPU.ActiveCfg = Debug|Any CPU
		{5BC4E2E5-E472-4E81-8050-2A505FFC4492}.Debug|Any CPU.Build.0 = Debug|Any CPU
		{5BC4E2E5-E472-4E81-8050-2A505FFC4492}.Debug|x64.ActiveCfg = Debug|Any CPU
		{5BC4E2E5-E472-4E81-8050-2A505FFC4492}.Debug|x64.Build.0 = Debug|Any CPU
		{5BC4E2E5-E472-4E81-8050-2A505FFC4492}.Debug|x86.ActiveCfg = Debug|Any CPU
		{5BC4E2E5-E472-4E81-8050-2A505FFC4492}.Debug|x86.Build.0 = Debug|Any CPU
		{5BC4E2E5-E472-4E81-8050-2A505FFC4492}.Release|Any CPU.ActiveCfg = Release|Any CPU
		{5BC4E2E5-E472-4E81-8050-2A505FFC4492}.Release|Any CPU.Build.0 = Release|Any CPU
		{5BC4E2E5-E472-4E81-8050-2A505FFC4492}.Release|x64.ActiveCfg = Release|Any CPU
		{5BC4E2E5-E472-4E81-8050-2A505FFC4492}.Release|x64.Build.0 = Release|Any CPU
		{5BC4E2E5-E472-4E81-8050-2A505FFC4492}.Release|x86.ActiveCfg = Release|Any CPU
		{5BC4E2E5-E472-4E81-8050-2A505FFC4492}.Release|x86.Build.0 = Release|Any CPU
		{02D9237C-1EEC-4A01-90A6-191F7F7A97B4}.Debug|Any CPU.ActiveCfg = Debug|Any CPU
		{02D9237C-1EEC-4A01-90A6-191F7F7A97B4}.Debug|Any CPU.Build.0 = Debug|Any CPU
		{02D9237C-1EEC-4A01-90A6-191F7F7A97B4}.Debug|x64.ActiveCfg = Debug|Any CPU
		{02D9237C-1EEC-4A01-90A6-191F7F7A97B4}.Debug|x64.Build.0 = Debug|Any CPU
		{02D9237C-1EEC-4A01-90A6-191F7F7A97B4}.Debug|x86.ActiveCfg = Debug|Any CPU
		{02D9237C-1EEC-4A01-90A6-191F7F7A97B4}.Debug|x86.Build.0 = Debug|Any CPU
		{02D9237C-1EEC-4A01-90A6-191F7F7A97B4}.Release|Any CPU.ActiveCfg = Release|Any CPU
		{02D9237C-1EEC-4A01-90A6-191F7F7A97B4}.Release|Any CPU.Build.0 = Release|Any CPU
		{02D9237C-1EEC-4A01-90A6-191F7F7A97B4}.Release|x64.ActiveCfg = Release|Any CPU
		{02D9237C-1EEC-4A01-90A6-191F7F7A97B4}.Release|x64.Build.0 = Release|Any CPU
		{02D9237C-1EEC-4A01-90A6-191F7F7A97B4}.Release|x86.ActiveCfg = Release|Any CPU
		{02D9237C-1EEC-4A01-90A6-191F7F7A97B4}.Release|x86.Build.0 = Release|Any CPU
	EndGlobalSection
	GlobalSection(SolutionProperties) = preSolution
		HideSolutionNode = FALSE
	EndGlobalSection
	GlobalSection(ExtensibilityGlobals) = postSolution
		SolutionGuid = {5C9E9974-12F0-4E6D-838A-75A3294D81AE}
	EndGlobalSection
EndGlobal
